
Microsoft Visual Studio Solution File, Format Version 12.00
# Visual Studio Version 17
VisualStudioVersion = 17.13.35919.96
MinimumVisualStudioVersion = 10.0.40219.1
Project("{FAE04EC0-301F-11D3-BF4B-00C04F79EFBC}") = "My App", "My App\My App.csproj", "{9D806440-F97A-4E0D-9999-DE807B79F7DF}"
EndProject
Global
	GlobalSection(SolutionConfigurationPlatforms) = preSolution
		Debug|Any CPU = Debug|Any CPU
		Release|Any CPU = Release|Any CPU
	EndGlobalSection
	GlobalSection(ProjectConfigurationPlatforms) = postSolution
		{9D806440-F97A-4E0D-9999-DE807B79F7DF}.Debug|Any CPU.ActiveCfg = Debug|Any CPU
		{9D806440-F97A-4E0D-9999-DE807B79F7DF}.Debug|Any CPU.Build.0 = Debug|Any CPU
		{9D806440-F97A-4E0D-9999-DE807B79F7DF}.Release|Any CPU.ActiveCfg = Release|Any CPU
		{9D806440-F97A-4E0D-9999-DE807B79F7DF}.Release|Any CPU.Build.0 = Release|Any CPU
	EndGlobalSection
	GlobalSection(SolutionProperties) = preSolution
		HideSolutionNode = FALSE
	EndGlobalSection
	GlobalSection(ExtensibilityGlobals) = postSolution
		SolutionGuid = {9693C3A0-663A-4E11-B20E-18098DD8482E}
	EndGlobalSection
EndGlobal
